
Microsoft Visual Studio Solution File, Format Version 12.00
# Visual Studio Version 17
VisualStudioVersion = 17.11.35312.102
MinimumVisualStudioVersion = 10.0.40219.1
Project("{FAE04EC0-301F-11D3-BF4B-00C04F79EFBC}") = "Recursion", "Recursion\Recursion.csproj", "{3872C732-7A56-46E2-9D20-B3E8F1D1A52D}"
EndProject
Global
	GlobalSection(SolutionConfigurationPlatforms) = preSolution
		Debug|Any CPU = Debug|Any CPU
		Release|Any CPU = Release|Any CPU
	EndGlobalSection
	GlobalSection(ProjectConfigurationPlatforms) = postSolution
		{3872C732-7A56-46E2-9D20-B3E8F1D1A52D}.Debug|Any CPU.ActiveCfg = Debug|Any CPU
		{3872C732-7A56-46E2-9D20-B3E8F1D1A52D}.Debug|Any CPU.Build.0 = Debug|Any CPU
		{3872C732-7A56-46E2-9D20-B3E8F1D1A52D}.Release|Any CPU.ActiveCfg = Release|Any CPU
		{3872C732-7A56-46E2-9D20-B3E8F1D1A52D}.Release|Any CPU.Build.0 = Release|Any CPU
	EndGlobalSection
	GlobalSection(SolutionProperties) = preSolution
		HideSolutionNode = FALSE
	EndGlobalSection
	GlobalSection(ExtensibilityGlobals) = postSolution
		SolutionGuid = {10FB28D7-6CDB-4DB5-A539-50BC158CAE26}
	EndGlobalSection
EndGlobal
